
Microsoft Visual Studio Solution File, Format Version 12.00
# Visual Studio Version 16
VisualStudioVersion = 16.0.28917.181
MinimumVisualStudioVersion = 10.0.40219.1
Project("{FAE04EC0-301F-11D3-BF4B-00C04F79EFBC}") = "myDadApp", "myDadApp\myDadApp.csproj", "{322B357B-ABF2-495F-9430-BA7391AB6D11}"
EndProject
Project("{151D2E53-A2C4-4D7D-83FE-D05416EBD58E}") = "myDeploy", "myDeploy\myDeploy.deployproj", "{3D38C9B3-D818-4947-9CC4-1C02AE628D28}"
EndProject
Global
	GlobalSection(SolutionConfigurationPlatforms) = preSolution
		Debug|Any CPU = Debug|Any CPU
		Release|Any CPU = Release|Any CPU
	EndGlobalSection
	GlobalSection(ProjectConfigurationPlatforms) = postSolution
		{322B357B-ABF2-495F-9430-BA7391AB6D11}.Debug|Any CPU.ActiveCfg = Debug|Any CPU
		{322B357B-ABF2-495F-9430-BA7391AB6D11}.Debug|Any CPU.Build.0 = Debug|Any CPU
		{322B357B-ABF2-495F-9430-BA7391AB6D11}.Release|Any CPU.ActiveCfg = Release|Any CPU
		{322B357B-ABF2-495F-9430-BA7391AB6D11}.Release|Any CPU.Build.0 = Release|Any CPU
		{3D38C9B3-D818-4947-9CC4-1C02AE628D28}.Debug|Any CPU.ActiveCfg = Debug|Any CPU
		{3D38C9B3-D818-4947-9CC4-1C02AE628D28}.Debug|Any CPU.Build.0 = Debug|Any CPU
		{3D38C9B3-D818-4947-9CC4-1C02AE628D28}.Release|Any CPU.ActiveCfg = Release|Any CPU
		{3D38C9B3-D818-4947-9CC4-1C02AE628D28}.Release|Any CPU.Build.0 = Release|Any CPU
	EndGlobalSection
	GlobalSection(SolutionProperties) = preSolution
		HideSolutionNode = FALSE
	EndGlobalSection
	GlobalSection(ExtensibilityGlobals) = postSolution
		SolutionGuid = {955BFD20-0409-4678-AE72-02AF4C188DE7}
	EndGlobalSection
EndGlobal
